{
  "nodes": {
    "nixpkgs": {
      "locked": {
        "lastModified": 1749285348,
        "narHash": "sha256-frdhQvPbmDYaScPFiCnfdh3B/Vh81Uuoo0w5TkWmmjU=",
        "owner": "NixOS",
        "repo": "nixpkgs",
        "rev": "3e3afe5174c561dee0df6f2c2b2236990146329f",
        "type": "github"
      },
      "original": {
        "owner": "NixOS",
        "ref": "nixos-unstable",
        "repo": "nixpkgs",
        "type": "github"
      }
    },
    "root": {
      "inputs": {
        "nixpkgs": "nixpkgs",
        "theme": "theme"
      }
    },
    "theme": {
      "flake": false,
      "locked": {
        "lastModified": 1707564545,
        "narHash": "sha256-m0XIxf3yKBKJwbSonAPDjw7DPHDi0BgRMhhD3FArWA4=",
        "owner": "welpo",
        "repo": "tabi",
        "rev": "7e428c899b1bf595100e1448578f9cfc84ad3355",
        "type": "github"
      },
      "original": {
        "owner": "welpo",
        "repo": "tabi",
        "rev": "7e428c899b1bf595100e1448578f9cfc84ad3355",
        "type": "github"
      }
    }
  },
  "root": "root",
  "version": 7
}
