{
  "nodes": {
    "nixpkgs": {
      "locked": {
        "lastModified": 1749285348,
        "narHash": "sha256-frdhQvPbmDYaScPFiCnfdh3B/Vh81Uuoo0w5TkWmmjU=",
        "owner": "NixOS",
        "repo": "nixpkgs",
        "rev": "3e3afe5174c561dee0df6f2c2b2236990146329f",
        "type": "github"
      },
      "original": {
        "owner": "NixOS",
        "ref": "nixos-unstable",
        "repo": "nixpkgs",
        "type": "github"
      }
    },
    "root": {
      "inputs": {
        "nixpkgs": "nixpkgs",
        "theme": "theme"
      }
    },
    "theme": {
      "flake": false,
      "locked": {
        "lastModified": 1749415357,
        "narHash": "sha256-RAugqePumSe6nQZa7luSNNb1VGAyNjs/m9M6swWZBW0=",
        "owner": "welpo",
        "repo": "tabi",
        "rev": "2e29782279d8154cb9c6f1df9a2401612ec77948",
        "type": "github"
      },
      "original": {
        "owner": "welpo",
        "repo": "tabi",
        "rev": "2e29782279d8154cb9c6f1df9a2401612ec77948",
        "type": "github"
      }
    }
  },
  "root": "root",
  "version": 7
}
